
Microsoft Visual Studio Solution File, Format Version 12.00
# Visual Studio 15
VisualStudioVersion = 15.0.28307.572
MinimumVisualStudioVersion = 10.0.40219.1
Project("{FAE04EC0-301F-11D3-BF4B-00C04F79EFBC}") = "AdamAsmaca", "AdamAsmaca.csproj", "{F009EB89-27E0-44EA-AF87-2809409A1707}"
EndProject
Global
	GlobalSection(SolutionConfigurationPlatforms) = preSolution
		Debug|Any CPU = Debug|Any CPU
		Release|Any CPU = Release|Any CPU
	EndGlobalSection
	GlobalSection(ProjectConfigurationPlatforms) = postSolution
		{F009EB89-27E0-44EA-AF87-2809409A1707}.Debug|Any CPU.ActiveCfg = Debug|Any CPU
		{F009EB89-27E0-44EA-AF87-2809409A1707}.Debug|Any CPU.Build.0 = Debug|Any CPU
		{F009EB89-27E0-44EA-AF87-2809409A1707}.Release|Any CPU.ActiveCfg = Release|Any CPU
		{F009EB89-27E0-44EA-AF87-2809409A1707}.Release|Any CPU.Build.0 = Release|Any CPU
	EndGlobalSection
	GlobalSection(SolutionProperties) = preSolution
		HideSolutionNode = FALSE
	EndGlobalSection
	GlobalSection(ExtensibilityGlobals) = postSolution
		SolutionGuid = {07625A78-1DC9-4178-842B-F1DFDD4383A9}
	EndGlobalSection
EndGlobal
